{
  "sources": {
    "statsd-container": {
      "path": "."
    },
    "statsd": {
      "locked_version": "1.1.3",
      "git": "git://github.com/hectcastro/chef-statsd.git",
      "ref": "d77e04d64ccb002d062aba3c268d3ff04dbeaf4a"
    },
    "graphite": {
      "locked_version": "0.4.3"
    },
    "newrelic-sysmond": {
      "locked_version": "1.3.3"
    },
    "git": {
      "locked_version": "2.5.2"
    },
    "dmg": {
      "locked_version": "1.1.0"
    },
    "build-essential": {
      "locked_version": "1.4.0"
    },
    "yum": {
      "locked_version": "2.3.0"
    },
    "windows": {
      "locked_version": "1.10.0"
    },
    "chef_handler": {
      "locked_version": "1.1.4"
    },
    "runit": {
      "locked_version": "1.1.6"
    },
    "nodejs": {
      "locked_version": "1.3.0"
    },
    "apt": {
      "locked_version": "2.0.0"
    },
    "python": {
      "locked_version": "1.3.4"
    },
    "apache2": {
      "locked_version": "1.7.0"
    },
    "memcached": {
      "locked_version": "1.4.0"
    }
  }
}
