{
  "sha": "e78fe972d299ffed849ae0dc89426f839523eab9",
  "sources": {
    "statsd-container": {
      "path": "."
    },
    "apache2": {
      "locked_version": "0.9.0",
      "git": "git://github.com/aws/opsworks-cookbooks.git",
      "ref": "64a701151fae533562bd689eb856003fe3fb744a",
      "rel": "apache2"
    },
    "memcached": {
      "locked_version": "0.1.0",
      "git": "git://github.com/aws/opsworks-cookbooks.git",
      "ref": "64a701151fae533562bd689eb856003fe3fb744a",
      "rel": "memcached"
    },
    "runit": {
      "locked_version": "0.14.2",
      "git": "git://github.com/aws/opsworks-cookbooks.git",
      "ref": "64a701151fae533562bd689eb856003fe3fb744a",
      "rel": "runit"
    },
    "deploy": {
      "locked_version": "0.1.0",
      "git": "git://github.com/aws/opsworks-cookbooks.git",
      "ref": "64a701151fae533562bd689eb856003fe3fb744a",
      "rel": "deploy"
    },
    "opsworks_agent_monit": {
      "locked_version": "0.1.0",
      "git": "git://github.com/aws/opsworks-cookbooks.git",
      "ref": "64a701151fae533562bd689eb856003fe3fb744a",
      "rel": "opsworks_agent_monit"
    },
    "opsworks_initial_setup": {
      "locked_version": "0.1.0",
      "git": "git://github.com/aws/opsworks-cookbooks.git",
      "ref": "64a701151fae533562bd689eb856003fe3fb744a",
      "rel": "opsworks_initial_setup"
    },
    "opsworks_commons": {
      "locked_version": "0.0.1",
      "git": "git://github.com/jtescher/opsworks-cookbooks.git",
      "ref": "ba95f10bb8c3c95a9bab401e70f7064021feada7",
      "rel": "opsworks_commons"
    },
    "nodejs": {
      "locked_version": "0.0.1",
      "git": "git://github.com/jtescher/opsworks-cookbooks.git",
      "ref": "ba95f10bb8c3c95a9bab401e70f7064021feada7",
      "rel": "opsworks_nodejs"
    },
    "apt": {
      "locked_version": "1.9.2"
    },
    "newrelic-sysmond": {
      "locked_version": "1.3.2",
      "git": "git://github.com/jtescher/chef-newrelic-sysmond.git",
      "ref": "5b5ee981dea8e09d282d133bf181125320b0dff0"
    },
    "graphite": {
      "locked_version": "0.4.2",
      "git": "git://github.com/jtescher/graphite.git",
      "ref": "351b9448969c09e26d5c1e4212643d532b64afe1"
    },
    "statsd": {
      "locked_version": "0.1.1",
      "git": "git://github.com/librato/statsd-cookbook.git",
      "ref": "be5de4f7a6c78479947bd6c82d4c01d3a1c41f27"
    },
    "python": {
      "locked_version": "1.3.4"
    },
    "build-essential": {
      "locked_version": "1.4.0"
    },
    "yum": {
      "locked_version": "2.3.0"
    },
    "git": {
      "locked_version": "2.5.2"
    },
    "dmg": {
      "locked_version": "1.1.0"
    },
    "windows": {
      "locked_version": "1.10.0"
    },
    "chef_handler": {
      "locked_version": "1.1.4"
    }
  }
}
