{
  "sha": "e5d3acb89740ab7102925823f27a4ea11eeeabea",
  "sources": {
    "statsd-container": {
      "locked_version": "0.1.0",
      "constraint": "= 0.1.0",
      "path": "."
    },
    "runit": {
      "locked_version": "0.14.2",
      "constraint": "~> 0.14.2",
      "git": "git://github.com/aws/opsworks-cookbooks.git",
      "ref": "dda92ace37cabc9bf635f5df8ea7cb633c420c0f",
      "rel": "runit"
    },
    "deploy": {
      "locked_version": "0.1.0",
      "constraint": "~> 0.1",
      "git": "git://github.com/aws/opsworks-cookbooks.git",
      "ref": "dda92ace37cabc9bf635f5df8ea7cb633c420c0f",
      "rel": "deploy"
    },
    "opsworks_commons": {
      "locked_version": "0.0.1",
      "constraint": "~> 0.0.1",
      "git": "git://github.com/jtescher/opsworks-cookbooks.git",
      "ref": "ba95f10bb8c3c95a9bab401e70f7064021feada7",
      "rel": "opsworks_commons"
    },
    "nodejs": {
      "locked_version": "0.0.1",
      "constraint": "~> 0.0.1",
      "git": "git://github.com/jtescher/opsworks-cookbooks.git",
      "ref": "ba95f10bb8c3c95a9bab401e70f7064021feada7",
      "rel": "opsworks_nodejs"
    },
    "apt": {
      "locked_version": "1.9.2",
      "constraint": "~> 1.9.2"
    },
    "graphite": {
      "locked_version": "0.4.2",
      "constraint": "~> 0.4.2",
      "git": "git://github.com/jtescher/graphite.git",
      "ref": "c626e72109b4efa027faa4ba93edaff94e9f49a9"
    },
    "statsd": {
      "locked_version": "0.1.1",
      "constraint": "~> 0.1.1",
      "git": "git://github.com/librato/statsd-cookbook.git",
      "ref": "be5de4f7a6c78479947bd6c82d4c01d3a1c41f27"
    },
    "python": {
      "locked_version": "1.0.8"
    },
    "build-essential": {
      "locked_version": "1.4.0"
    },
    "yum": {
      "locked_version": "2.2.0"
    },
    "apache2": {
      "locked_version": "1.6.2"
    },
    "memcached": {
      "locked_version": "1.3.0"
    },
    "git": {
      "locked_version": "2.5.0"
    },
    "dmg": {
      "locked_version": "1.1.0"
    },
    "windows": {
      "locked_version": "1.8.10"
    },
    "chef_handler": {
      "locked_version": "1.1.4"
    }
  }
}
